// !$*UTF8*$!
{
	archiveVersion = 1;
	classes = {
	};
	objectVersion = 77;
	objects = {

/* Begin PBXBuildFile section */
		0CE8EA80BB7784C679C81418 /* Assets.xcassets in Resources */ = {isa = PBXBuildFile; fileRef = 428497737D453A779002810B /* Assets.xcassets */; };
		0FDFC405F3299CF03895AB23 /* DocumentListView.swift in Sources */ = {isa = PBXBuildFile; fileRef = 411A701D53C73876044C8E71 /* DocumentListView.swift */; };
		149CACBD51F77C1713E2A284 /* GermanReceiptHeuristicsTests.swift in Sources */ = {isa = PBXBuildFile; fileRef = A552B4365C0A7B80E528DC42 /* GermanReceiptHeuristicsTests.swift */; };
		18E4C1E728BE854DA11A0298 /* DocumentCorrectionViewModel.swift in Sources */ = {isa = PBXBuildFile; fileRef = 3B6FF608C9BB9073969724E9 /* DocumentCorrectionViewModel.swift */; };
		264FD938D7E07E7D24E67FF4 /* AppSmokeTests.swift in Sources */ = {isa = PBXBuildFile; fileRef = 9FC74876413E1F74D991DD04 /* AppSmokeTests.swift */; };
		2B4767ACA7D2ABA436BC73AB /* CloudKitConfigurationTests.swift in Sources */ = {isa = PBXBuildFile; fileRef = 82D25EC051EE847A106F8CEF /* CloudKitConfigurationTests.swift */; };
		31B1EBDBB158FED0C47E1D47 /* Document.swift in Sources */ = {isa = PBXBuildFile; fileRef = 7813B040B1D36D76CC6559C3 /* Document.swift */; };
		43D5BCF30A96191E6B70D94D /* NotificationService.swift in Sources */ = {isa = PBXBuildFile; fileRef = 67670ED081438CED19CE36F8 /* NotificationService.swift */; };
		4B61E0AB71904D93419699A9 /* DocumentListViewModel.swift in Sources */ = {isa = PBXBuildFile; fileRef = 8C89CD7EDA0A0D31A2B61E06 /* DocumentListViewModel.swift */; };
		558E03A88DAFE4181CE8A0BB /* ModelContainerFactory.swift in Sources */ = {isa = PBXBuildFile; fileRef = EB1D52CD856360662144C8AC /* ModelContainerFactory.swift */; };
		55AA9C0BC0D6C183CAE031A5 /* DocumentCorrectionViewModelTests.swift in Sources */ = {isa = PBXBuildFile; fileRef = BAB2380986C25B3475E80973 /* DocumentCorrectionViewModelTests.swift */; };
		585A0C62780D6D11628333FB /* NotificationSchedulerTests.swift in Sources */ = {isa = PBXBuildFile; fileRef = F9FBA66A02C5B84C58D7F425 /* NotificationSchedulerTests.swift */; };
		63B8879134B1F9442820A18C /* DocumentModelTests.swift in Sources */ = {isa = PBXBuildFile; fileRef = F5A99FCD0F48E89BD4228FA1 /* DocumentModelTests.swift */; };
		67681E773E383F9F3F69F352 /* DokutresorApp.swift in Sources */ = {isa = PBXBuildFile; fileRef = F2A21E056A1DC31ED704EA08 /* DokutresorApp.swift */; };
		7259179B5D86C1AED7DDA37D /* ScanViewModelTests.swift in Sources */ = {isa = PBXBuildFile; fileRef = B087331A581CECEE1E19F4C3 /* ScanViewModelTests.swift */; };
		7C9782E4A82F60374D94357A /* DocumentDetailView.swift in Sources */ = {isa = PBXBuildFile; fileRef = 99FD9A5B05225C6ABCD7E4F0 /* DocumentDetailView.swift */; };
		91D43D48C5EE1955477C1FA2 /* GermanReceiptHeuristics.swift in Sources */ = {isa = PBXBuildFile; fileRef = EAFD601AEFA0A9DDD114C8D7 /* GermanReceiptHeuristics.swift */; };
		96EE5354D58067822F582498 /* ContentView.swift in Sources */ = {isa = PBXBuildFile; fileRef = 425B1A0FC3D5DC30BEA54C78 /* ContentView.swift */; };
		9FAC69956092B4A23F76C92A /* NotificationServiceTests.swift in Sources */ = {isa = PBXBuildFile; fileRef = E098CB51F7BE02D59012FEA0 /* NotificationServiceTests.swift */; };
		AAE9749BF97FBA000C08DE04 /* OCRServiceTests.swift in Sources */ = {isa = PBXBuildFile; fileRef = 6A7EFC75DF8EC18FA8C418E9 /* OCRServiceTests.swift */; };
		B74792BEF9F3E0C30A9C5D78 /* ScanViewModel.swift in Sources */ = {isa = PBXBuildFile; fileRef = 3309F44BF1F980538F916FF5 /* ScanViewModel.swift */; };
		BA7FA2AC159A095CFE6A1C73 /* DocumentCategory.swift in Sources */ = {isa = PBXBuildFile; fileRef = CC3547FAB5839B2190260043 /* DocumentCategory.swift */; };
		C3192C125E297E0AF36D8C3A /* DocumentListViewModelTests.swift in Sources */ = {isa = PBXBuildFile; fileRef = 7B47B1DCF5AE80D1DCBDF583 /* DocumentListViewModelTests.swift */; };
		C5D74D2402E5C24F4B5932AA /* OCRService.swift in Sources */ = {isa = PBXBuildFile; fileRef = BC5F4962B9C5779A7CD73248 /* OCRService.swift */; };
		CA919106F9672194DC631F6F /* DocumentScannerView.swift in Sources */ = {isa = PBXBuildFile; fileRef = 9E173FAF60CEB38E06B13665 /* DocumentScannerView.swift */; };
		D573A5DD50B9F3DE50D49655 /* ScanConverter.swift in Sources */ = {isa = PBXBuildFile; fileRef = F6254C55BF988F424953049C /* ScanConverter.swift */; };
		E24162D2A867F745A4D0633D /* ScanConverterTests.swift in Sources */ = {isa = PBXBuildFile; fileRef = E9BBE6256A2A2B23B41CAB9E /* ScanConverterTests.swift */; };
		E2689FC5D216F5CD8EDDD05F /* NotificationScheduler.swift in Sources */ = {isa = PBXBuildFile; fileRef = EE06B2CF5ADEEB97098E8AB4 /* NotificationScheduler.swift */; };
		FE0F817A7AA01C04F8BCE714 /* DocumentEditView.swift in Sources */ = {isa = PBXBuildFile; fileRef = F972E9AA76F589587C1B39DB /* DocumentEditView.swift */; };
/* End PBXBuildFile section */

/* Begin PBXContainerItemProxy section */
		AAE02CFA98DB9F02CE9916F1 /* PBXContainerItemProxy */ = {
			isa = PBXContainerItemProxy;
			containerPortal = 07EE7B64929BDB84225DB548 /* Project object */;
			proxyType = 1;
			remoteGlobalIDString = 708AAE62281CDC5F7C8F8E61;
			remoteInfo = Dokutresor;
		};
/* End PBXContainerItemProxy section */

/* Begin PBXFileReference section */
		3309F44BF1F980538F916FF5 /* ScanViewModel.swift */ = {isa = PBXFileReference; lastKnownFileType = sourcecode.swift; path = ScanViewModel.swift; sourceTree = "<group>"; };
		3B6FF608C9BB9073969724E9 /* DocumentCorrectionViewModel.swift */ = {isa = PBXFileReference; lastKnownFileType = sourcecode.swift; path = DocumentCorrectionViewModel.swift; sourceTree = "<group>"; };
		411A701D53C73876044C8E71 /* DocumentListView.swift */ = {isa = PBXFileReference; lastKnownFileType = sourcecode.swift; path = DocumentListView.swift; sourceTree = "<group>"; };
		425B1A0FC3D5DC30BEA54C78 /* ContentView.swift */ = {isa = PBXFileReference; lastKnownFileType = sourcecode.swift; path = ContentView.swift; sourceTree = "<group>"; };
		428497737D453A779002810B /* Assets.xcassets */ = {isa = PBXFileReference; lastKnownFileType = folder.assetcatalog; path = Assets.xcassets; sourceTree = "<group>"; };
		5A26342DFDD7429FC460E07C /* Dokutresor.app */ = {isa = PBXFileReference; includeInIndex = 0; lastKnownFileType = wrapper.application; path = Dokutresor.app; sourceTree = BUILT_PRODUCTS_DIR; };
		67670ED081438CED19CE36F8 /* NotificationService.swift */ = {isa = PBXFileReference; lastKnownFileType = sourcecode.swift; path = NotificationService.swift; sourceTree = "<group>"; };
		6A7EFC75DF8EC18FA8C418E9 /* OCRServiceTests.swift */ = {isa = PBXFileReference; lastKnownFileType = sourcecode.swift; path = OCRServiceTests.swift; sourceTree = "<group>"; };
		7407A9B23EA105EC867CC748 /* Dokutresor.entitlements */ = {isa = PBXFileReference; lastKnownFileType = text.plist.entitlements; path = Dokutresor.entitlements; sourceTree = "<group>"; };
		7813B040B1D36D76CC6559C3 /* Document.swift */ = {isa = PBXFileReference; lastKnownFileType = sourcecode.swift; path = Document.swift; sourceTree = "<group>"; };
		7B47B1DCF5AE80D1DCBDF583 /* DocumentListViewModelTests.swift */ = {isa = PBXFileReference; lastKnownFileType = sourcecode.swift; path = DocumentListViewModelTests.swift; sourceTree = "<group>"; };
		82D25EC051EE847A106F8CEF /* CloudKitConfigurationTests.swift */ = {isa = PBXFileReference; lastKnownFileType = sourcecode.swift; path = CloudKitConfigurationTests.swift; sourceTree = "<group>"; };
		8C89CD7EDA0A0D31A2B61E06 /* DocumentListViewModel.swift */ = {isa = PBXFileReference; lastKnownFileType = sourcecode.swift; path = DocumentListViewModel.swift; sourceTree = "<group>"; };
		99FD9A5B05225C6ABCD7E4F0 /* DocumentDetailView.swift */ = {isa = PBXFileReference; lastKnownFileType = sourcecode.swift; path = DocumentDetailView.swift; sourceTree = "<group>"; };
		9E173FAF60CEB38E06B13665 /* DocumentScannerView.swift */ = {isa = PBXFileReference; lastKnownFileType = sourcecode.swift; path = DocumentScannerView.swift; sourceTree = "<group>"; };
		9FC74876413E1F74D991DD04 /* AppSmokeTests.swift */ = {isa = PBXFileReference; lastKnownFileType = sourcecode.swift; path = AppSmokeTests.swift; sourceTree = "<group>"; };
		A3C33FD40993D3E8F2631E5F /* DokutresorTests.xctest */ = {isa = PBXFileReference; includeInIndex = 0; lastKnownFileType = wrapper.cfbundle; path = DokutresorTests.xctest; sourceTree = BUILT_PRODUCTS_DIR; };
		A552B4365C0A7B80E528DC42 /* GermanReceiptHeuristicsTests.swift */ = {isa = PBXFileReference; lastKnownFileType = sourcecode.swift; path = GermanReceiptHeuristicsTests.swift; sourceTree = "<group>"; };
		B087331A581CECEE1E19F4C3 /* ScanViewModelTests.swift */ = {isa = PBXFileReference; lastKnownFileType = sourcecode.swift; path = ScanViewModelTests.swift; sourceTree = "<group>"; };
		BAB2380986C25B3475E80973 /* DocumentCorrectionViewModelTests.swift */ = {isa = PBXFileReference; lastKnownFileType = sourcecode.swift; path = DocumentCorrectionViewModelTests.swift; sourceTree = "<group>"; };
		BC5F4962B9C5779A7CD73248 /* OCRService.swift */ = {isa = PBXFileReference; lastKnownFileType = sourcecode.swift; path = OCRService.swift; sourceTree = "<group>"; };
		CC3547FAB5839B2190260043 /* DocumentCategory.swift */ = {isa = PBXFileReference; lastKnownFileType = sourcecode.swift; path = DocumentCategory.swift; sourceTree = "<group>"; };
		E098CB51F7BE02D59012FEA0 /* NotificationServiceTests.swift */ = {isa = PBXFileReference; lastKnownFileType = sourcecode.swift; path = NotificationServiceTests.swift; sourceTree = "<group>"; };
		E9BBE6256A2A2B23B41CAB9E /* ScanConverterTests.swift */ = {isa = PBXFileReference; lastKnownFileType = sourcecode.swift; path = ScanConverterTests.swift; sourceTree = "<group>"; };
		EAFD601AEFA0A9DDD114C8D7 /* GermanReceiptHeuristics.swift */ = {isa = PBXFileReference; lastKnownFileType = sourcecode.swift; path = GermanReceiptHeuristics.swift; sourceTree = "<group>"; };
		EB1D52CD856360662144C8AC /* ModelContainerFactory.swift */ = {isa = PBXFileReference; lastKnownFileType = sourcecode.swift; path = ModelContainerFactory.swift; sourceTree = "<group>"; };
		EE06B2CF5ADEEB97098E8AB4 /* NotificationScheduler.swift */ = {isa = PBXFileReference; lastKnownFileType = sourcecode.swift; path = NotificationScheduler.swift; sourceTree = "<group>"; };
		F2A21E056A1DC31ED704EA08 /* DokutresorApp.swift */ = {isa = PBXFileReference; lastKnownFileType = sourcecode.swift; path = DokutresorApp.swift; sourceTree = "<group>"; };
		F5A99FCD0F48E89BD4228FA1 /* DocumentModelTests.swift */ = {isa = PBXFileReference; lastKnownFileType = sourcecode.swift; path = DocumentModelTests.swift; sourceTree = "<group>"; };
		F6254C55BF988F424953049C /* ScanConverter.swift */ = {isa = PBXFileReference; lastKnownFileType = sourcecode.swift; path = ScanConverter.swift; sourceTree = "<group>"; };
		F972E9AA76F589587C1B39DB /* DocumentEditView.swift */ = {isa = PBXFileReference; lastKnownFileType = sourcecode.swift; path = DocumentEditView.swift; sourceTree = "<group>"; };
		F9FBA66A02C5B84C58D7F425 /* NotificationSchedulerTests.swift */ = {isa = PBXFileReference; lastKnownFileType = sourcecode.swift; path = NotificationSchedulerTests.swift; sourceTree = "<group>"; };
/* End PBXFileReference section */

/* Begin PBXGroup section */
		0EBCA068268382A91FBBF3D9 /* Resources */ = {
			isa = PBXGroup;
			children = (
				428497737D453A779002810B /* Assets.xcassets */,
			);
			path = Resources;
			sourceTree = "<group>";
		};
		238CD63DFA4F1551E0D83C6D /* DokutresorTests */ = {
			isa = PBXGroup;
			children = (
				9FC74876413E1F74D991DD04 /* AppSmokeTests.swift */,
				82D25EC051EE847A106F8CEF /* CloudKitConfigurationTests.swift */,
				BAB2380986C25B3475E80973 /* DocumentCorrectionViewModelTests.swift */,
				7B47B1DCF5AE80D1DCBDF583 /* DocumentListViewModelTests.swift */,
				F5A99FCD0F48E89BD4228FA1 /* DocumentModelTests.swift */,
				A552B4365C0A7B80E528DC42 /* GermanReceiptHeuristicsTests.swift */,
				F9FBA66A02C5B84C58D7F425 /* NotificationSchedulerTests.swift */,
				E098CB51F7BE02D59012FEA0 /* NotificationServiceTests.swift */,
				6A7EFC75DF8EC18FA8C418E9 /* OCRServiceTests.swift */,
				E9BBE6256A2A2B23B41CAB9E /* ScanConverterTests.swift */,
				B087331A581CECEE1E19F4C3 /* ScanViewModelTests.swift */,
			);
			path = DokutresorTests;
			sourceTree = "<group>";
		};
		3043D825A78BCDE58BEAF775 /* Products */ = {
			isa = PBXGroup;
			children = (
				5A26342DFDD7429FC460E07C /* Dokutresor.app */,
				A3C33FD40993D3E8F2631E5F /* DokutresorTests.xctest */,
			);
			name = Products;
			sourceTree = "<group>";
		};
		37CA381D4221E2C1D1C9E11E /* App */ = {
			isa = PBXGroup;
			children = (
				F2A21E056A1DC31ED704EA08 /* DokutresorApp.swift */,
			);
			path = App;
			sourceTree = "<group>";
		};
		41C007E60631D152CF5EA784 /* Services */ = {
			isa = PBXGroup;
			children = (
				EAFD601AEFA0A9DDD114C8D7 /* GermanReceiptHeuristics.swift */,
				EB1D52CD856360662144C8AC /* ModelContainerFactory.swift */,
				EE06B2CF5ADEEB97098E8AB4 /* NotificationScheduler.swift */,
				67670ED081438CED19CE36F8 /* NotificationService.swift */,
				BC5F4962B9C5779A7CD73248 /* OCRService.swift */,
				F6254C55BF988F424953049C /* ScanConverter.swift */,
			);
			path = Services;
			sourceTree = "<group>";
		};
		656709EAE74954C8848CB8C8 /* Views */ = {
			isa = PBXGroup;
			children = (
				425B1A0FC3D5DC30BEA54C78 /* ContentView.swift */,
				99FD9A5B05225C6ABCD7E4F0 /* DocumentDetailView.swift */,
				F972E9AA76F589587C1B39DB /* DocumentEditView.swift */,
				411A701D53C73876044C8E71 /* DocumentListView.swift */,
				9E173FAF60CEB38E06B13665 /* DocumentScannerView.swift */,
			);
			path = Views;
			sourceTree = "<group>";
		};
		816C83EEE09EDED1FFD02511 = {
			isa = PBXGroup;
			children = (
				BE18FF02C0EE019DF305325D /* Dokutresor */,
				238CD63DFA4F1551E0D83C6D /* DokutresorTests */,
				3043D825A78BCDE58BEAF775 /* Products */,
			);
			sourceTree = "<group>";
		};
		BE18FF02C0EE019DF305325D /* Dokutresor */ = {
			isa = PBXGroup;
			children = (
				7407A9B23EA105EC867CC748 /* Dokutresor.entitlements */,
				37CA381D4221E2C1D1C9E11E /* App */,
				FDF10F2CD3C3E9AE7F496034 /* Models */,
				0EBCA068268382A91FBBF3D9 /* Resources */,
				41C007E60631D152CF5EA784 /* Services */,
				C26CF6A7A4AD687B1E8D7AAA /* ViewModels */,
				656709EAE74954C8848CB8C8 /* Views */,
			);
			path = Dokutresor;
			sourceTree = "<group>";
		};
		C26CF6A7A4AD687B1E8D7AAA /* ViewModels */ = {
			isa = PBXGroup;
			children = (
				3B6FF608C9BB9073969724E9 /* DocumentCorrectionViewModel.swift */,
				8C89CD7EDA0A0D31A2B61E06 /* DocumentListViewModel.swift */,
				3309F44BF1F980538F916FF5 /* ScanViewModel.swift */,
			);
			path = ViewModels;
			sourceTree = "<group>";
		};
		FDF10F2CD3C3E9AE7F496034 /* Models */ = {
			isa = PBXGroup;
			children = (
				7813B040B1D36D76CC6559C3 /* Document.swift */,
				CC3547FAB5839B2190260043 /* DocumentCategory.swift */,
			);
			path = Models;
			sourceTree = "<group>";
		};
/* End PBXGroup section */

/* Begin PBXNativeTarget section */
		51266C380655C0C4C06E519B /* DokutresorTests */ = {
			isa = PBXNativeTarget;
			buildConfigurationList = 795E54D0D38A5CFE02C81706 /* Build configuration list for PBXNativeTarget "DokutresorTests" */;
			buildPhases = (
				A0B507DD5C55A2A6732BE3E9 /* Sources */,
			);
			buildRules = (
			);
			dependencies = (
				E2DDB7EB3BA7AEBE2B8C0F12 /* PBXTargetDependency */,
			);
			name = DokutresorTests;
			packageProductDependencies = (
			);
			productName = DokutresorTests;
			productReference = A3C33FD40993D3E8F2631E5F /* DokutresorTests.xctest */;
			productType = "com.apple.product-type.bundle.unit-test";
		};
		708AAE62281CDC5F7C8F8E61 /* Dokutresor */ = {
			isa = PBXNativeTarget;
			buildConfigurationList = DB4BD2D9D2446EF0FCBCCA1A /* Build configuration list for PBXNativeTarget "Dokutresor" */;
			buildPhases = (
				6C73AB862D67314C801127DC /* Sources */,
				4142968C5ADA354A6CF634F8 /* Resources */,
			);
			buildRules = (
			);
			dependencies = (
			);
			name = Dokutresor;
			packageProductDependencies = (
			);
			productName = Dokutresor;
			productReference = 5A26342DFDD7429FC460E07C /* Dokutresor.app */;
			productType = "com.apple.product-type.application";
		};
/* End PBXNativeTarget section */

/* Begin PBXProject section */
		07EE7B64929BDB84225DB548 /* Project object */ = {
			isa = PBXProject;
			attributes = {
				BuildIndependentTargetsInParallel = YES;
				LastUpgradeCheck = 1430;
				TargetAttributes = {
					51266C380655C0C4C06E519B = {
						DevelopmentTeam = XK87E2B3VR;
						ProvisioningStyle = Automatic;
					};
					708AAE62281CDC5F7C8F8E61 = {
						DevelopmentTeam = XK87E2B3VR;
						ProvisioningStyle = Automatic;
					};
				};
			};
			buildConfigurationList = 2702D53920B6857DBD807B09 /* Build configuration list for PBXProject "Dokutresor" */;
			developmentRegion = en;
			hasScannedForEncodings = 0;
			knownRegions = (
				Base,
				en,
			);
			mainGroup = 816C83EEE09EDED1FFD02511;
			minimizedProjectReferenceProxies = 1;
			preferredProjectObjectVersion = 77;
			productRefGroup = 3043D825A78BCDE58BEAF775 /* Products */;
			projectDirPath = "";
			projectRoot = "";
			targets = (
				708AAE62281CDC5F7C8F8E61 /* Dokutresor */,
				51266C380655C0C4C06E519B /* DokutresorTests */,
			);
		};
/* End PBXProject section */

/* Begin PBXResourcesBuildPhase section */
		4142968C5ADA354A6CF634F8 /* Resources */ = {
			isa = PBXResourcesBuildPhase;
			buildActionMask = 2147483647;
			files = (
				0CE8EA80BB7784C679C81418 /* Assets.xcassets in Resources */,
			);
			runOnlyForDeploymentPostprocessing = 0;
		};
/* End PBXResourcesBuildPhase section */

/* Begin PBXSourcesBuildPhase section */
		6C73AB862D67314C801127DC /* Sources */ = {
			isa = PBXSourcesBuildPhase;
			buildActionMask = 2147483647;
			files = (
				96EE5354D58067822F582498 /* ContentView.swift in Sources */,
				31B1EBDBB158FED0C47E1D47 /* Document.swift in Sources */,
				BA7FA2AC159A095CFE6A1C73 /* DocumentCategory.swift in Sources */,
				18E4C1E728BE854DA11A0298 /* DocumentCorrectionViewModel.swift in Sources */,
				7C9782E4A82F60374D94357A /* DocumentDetailView.swift in Sources */,
				FE0F817A7AA01C04F8BCE714 /* DocumentEditView.swift in Sources */,
				0FDFC405F3299CF03895AB23 /* DocumentListView.swift in Sources */,
				4B61E0AB71904D93419699A9 /* DocumentListViewModel.swift in Sources */,
				CA919106F9672194DC631F6F /* DocumentScannerView.swift in Sources */,
				67681E773E383F9F3F69F352 /* DokutresorApp.swift in Sources */,
				91D43D48C5EE1955477C1FA2 /* GermanReceiptHeuristics.swift in Sources */,
				558E03A88DAFE4181CE8A0BB /* ModelContainerFactory.swift in Sources */,
				E2689FC5D216F5CD8EDDD05F /* NotificationScheduler.swift in Sources */,
				43D5BCF30A96191E6B70D94D /* NotificationService.swift in Sources */,
				C5D74D2402E5C24F4B5932AA /* OCRService.swift in Sources */,
				D573A5DD50B9F3DE50D49655 /* ScanConverter.swift in Sources */,
				B74792BEF9F3E0C30A9C5D78 /* ScanViewModel.swift in Sources */,
			);
			runOnlyForDeploymentPostprocessing = 0;
		};
		A0B507DD5C55A2A6732BE3E9 /* Sources */ = {
			isa = PBXSourcesBuildPhase;
			buildActionMask = 2147483647;
			files = (
				264FD938D7E07E7D24E67FF4 /* AppSmokeTests.swift in Sources */,
				2B4767ACA7D2ABA436BC73AB /* CloudKitConfigurationTests.swift in Sources */,
				55AA9C0BC0D6C183CAE031A5 /* DocumentCorrectionViewModelTests.swift in Sources */,
				C3192C125E297E0AF36D8C3A /* DocumentListViewModelTests.swift in Sources */,
				63B8879134B1F9442820A18C /* DocumentModelTests.swift in Sources */,
				149CACBD51F77C1713E2A284 /* GermanReceiptHeuristicsTests.swift in Sources */,
				585A0C62780D6D11628333FB /* NotificationSchedulerTests.swift in Sources */,
				9FAC69956092B4A23F76C92A /* NotificationServiceTests.swift in Sources */,
				AAE9749BF97FBA000C08DE04 /* OCRServiceTests.swift in Sources */,
				E24162D2A867F745A4D0633D /* ScanConverterTests.swift in Sources */,
				7259179B5D86C1AED7DDA37D /* ScanViewModelTests.swift in Sources */,
			);
			runOnlyForDeploymentPostprocessing = 0;
		};
/* End PBXSourcesBuildPhase section */

/* Begin PBXTargetDependency section */
		E2DDB7EB3BA7AEBE2B8C0F12 /* PBXTargetDependency */ = {
			isa = PBXTargetDependency;
			target = 708AAE62281CDC5F7C8F8E61 /* Dokutresor */;
			targetProxy = AAE02CFA98DB9F02CE9916F1 /* PBXContainerItemProxy */;
		};
/* End PBXTargetDependency section */

/* Begin XCBuildConfiguration section */
		2D3B7F246B3E5BFC2B16FB17 /* Debug */ = {
			isa = XCBuildConfiguration;
			buildSettings = {
				ASSETCATALOG_COMPILER_APPICON_NAME = AppIcon;
				ASSETCATALOG_COMPILER_GLOBAL_ACCENT_COLOR_NAME = AccentColor;
				CODE_SIGN_ENTITLEMENTS = Dokutresor/Dokutresor.entitlements;
				CODE_SIGN_IDENTITY = "iPhone Developer";
				CODE_SIGN_STYLE = Automatic;
				CURRENT_PROJECT_VERSION = 1;
				DEVELOPMENT_TEAM = XK87E2B3VR;
				GENERATE_INFOPLIST_FILE = YES;
				INFOPLIST_KEY_ITSAppUsesNonExemptEncryption = NO;
				INFOPLIST_KEY_NSCameraUsageDescription = "Dokutresor benötigt Kamerazugriff, um Dokumente zu scannen.";
				INFOPLIST_KEY_NSFaceIDUsageDescription = "Dokutresor nutzt Face ID, um deine Dokumente vor unbefugtem Zugriff zu schützen.";
				INFOPLIST_KEY_NSPhotoLibraryUsageDescription = "Dokutresor benötigt Zugriff auf deine Fotos, um Dokumente zu importieren.";
				INFOPLIST_KEY_UIApplicationSceneManifest_Generation = YES;
				INFOPLIST_KEY_UIBackgroundModes = "remote-notification";
				INFOPLIST_KEY_UILaunchScreen_Generation = YES;
				INFOPLIST_KEY_UISupportedInterfaceOrientations_iPad = "UIInterfaceOrientationPortrait UIInterfaceOrientationPortraitUpsideDown UIInterfaceOrientationLandscapeLeft UIInterfaceOrientationLandscapeRight";
				INFOPLIST_KEY_UISupportedInterfaceOrientations_iPhone = "UIInterfaceOrientationPortrait UIInterfaceOrientationLandscapeLeft UIInterfaceOrientationLandscapeRight";
				IPHONEOS_DEPLOYMENT_TARGET = 17.0;
				LD_RUNPATH_SEARCH_PATHS = (
					"$(inherited)",
					"@executable_path/Frameworks",
				);
				MARKETING_VERSION = 1.0;
				PRODUCT_BUNDLE_IDENTIFIER = com.emmrich.dokutresor;
				SDKROOT = iphoneos;
				SWIFT_STRICT_CONCURRENCY = complete;
				SWIFT_VERSION = 6.0;
				TARGETED_DEVICE_FAMILY = "1,2";
			};
			name = Debug;
		};
		3A9EF1E73A45B1EC496FCF9A /* Release */ = {
			isa = XCBuildConfiguration;
			buildSettings = {
				ASSETCATALOG_COMPILER_APPICON_NAME = AppIcon;
				ASSETCATALOG_COMPILER_GLOBAL_ACCENT_COLOR_NAME = AccentColor;
				CODE_SIGN_ENTITLEMENTS = Dokutresor/Dokutresor.entitlements;
				CODE_SIGN_IDENTITY = "iPhone Developer";
				CODE_SIGN_STYLE = Automatic;
				CURRENT_PROJECT_VERSION = 1;
				DEVELOPMENT_TEAM = XK87E2B3VR;
				GENERATE_INFOPLIST_FILE = YES;
				INFOPLIST_KEY_ITSAppUsesNonExemptEncryption = NO;
				INFOPLIST_KEY_NSCameraUsageDescription = "Dokutresor benötigt Kamerazugriff, um Dokumente zu scannen.";
				INFOPLIST_KEY_NSFaceIDUsageDescription = "Dokutresor nutzt Face ID, um deine Dokumente vor unbefugtem Zugriff zu schützen.";
				INFOPLIST_KEY_NSPhotoLibraryUsageDescription = "Dokutresor benötigt Zugriff auf deine Fotos, um Dokumente zu importieren.";
				INFOPLIST_KEY_UIApplicationSceneManifest_Generation = YES;
				INFOPLIST_KEY_UIBackgroundModes = "remote-notification";
				INFOPLIST_KEY_UILaunchScreen_Generation = YES;
				INFOPLIST_KEY_UISupportedInterfaceOrientations_iPad = "UIInterfaceOrientationPortrait UIInterfaceOrientationPortraitUpsideDown UIInterfaceOrientationLandscapeLeft UIInterfaceOrientationLandscapeRight";
				INFOPLIST_KEY_UISupportedInterfaceOrientations_iPhone = "UIInterfaceOrientationPortrait UIInterfaceOrientationLandscapeLeft UIInterfaceOrientationLandscapeRight";
				IPHONEOS_DEPLOYMENT_TARGET = 17.0;
				LD_RUNPATH_SEARCH_PATHS = (
					"$(inherited)",
					"@executable_path/Frameworks",
				);
				MARKETING_VERSION = 1.0;
				PRODUCT_BUNDLE_IDENTIFIER = com.emmrich.dokutresor;
				SDKROOT = iphoneos;
				SWIFT_STRICT_CONCURRENCY = complete;
				SWIFT_VERSION = 6.0;
				TARGETED_DEVICE_FAMILY = "1,2";
			};
			name = Release;
		};
		6A3B0E2DB76EA42E0C7890B8 /* Debug */ = {
			isa = XCBuildConfiguration;
			buildSettings = {
				ALWAYS_SEARCH_USER_PATHS = NO;
				CLANG_ANALYZER_NONNULL = YES;
				CLANG_ANALYZER_NUMBER_OBJECT_CONVERSION = YES_AGGRESSIVE;
				CLANG_CXX_LANGUAGE_STANDARD = "gnu++14";
				CLANG_CXX_LIBRARY = "libc++";
				CLANG_ENABLE_MODULES = YES;
				CLANG_ENABLE_OBJC_ARC = YES;
				CLANG_ENABLE_OBJC_WEAK = YES;
				CLANG_WARN_BLOCK_CAPTURE_AUTORELEASING = YES;
				CLANG_WARN_BOOL_CONVERSION = YES;
				CLANG_WARN_COMMA = YES;
				CLANG_WARN_CONSTANT_CONVERSION = YES;
				CLANG_WARN_DEPRECATED_OBJC_IMPLEMENTATIONS = YES;
				CLANG_WARN_DIRECT_OBJC_ISA_USAGE = YES_ERROR;
				CLANG_WARN_DOCUMENTATION_COMMENTS = YES;
				CLANG_WARN_EMPTY_BODY = YES;
				CLANG_WARN_ENUM_CONVERSION = YES;
				CLANG_WARN_INFINITE_RECURSION = YES;
				CLANG_WARN_INT_CONVERSION = YES;
				CLANG_WARN_NON_LITERAL_NULL_CONVERSION = YES;
				CLANG_WARN_OBJC_IMPLICIT_RETAIN_SELF = YES;
				CLANG_WARN_OBJC_LITERAL_CONVERSION = YES;
				CLANG_WARN_OBJC_ROOT_CLASS = YES_ERROR;
				CLANG_WARN_QUOTED_INCLUDE_IN_FRAMEWORK_HEADER = YES;
				CLANG_WARN_RANGE_LOOP_ANALYSIS = YES;
				CLANG_WARN_STRICT_PROTOTYPES = YES;
				CLANG_WARN_SUSPICIOUS_MOVE = YES;
				CLANG_WARN_UNGUARDED_AVAILABILITY = YES_AGGRESSIVE;
				CLANG_WARN_UNREACHABLE_CODE = YES;
				CLANG_WARN__DUPLICATE_METHOD_MATCH = YES;
				COPY_PHASE_STRIP = NO;
				DEBUG_INFORMATION_FORMAT = dwarf;
				ENABLE_STRICT_OBJC_MSGSEND = YES;
				ENABLE_TESTABILITY = YES;
				GCC_C_LANGUAGE_STANDARD = gnu11;
				GCC_DYNAMIC_NO_PIC = NO;
				GCC_NO_COMMON_BLOCKS = YES;
				GCC_OPTIMIZATION_LEVEL = 0;
				GCC_PREPROCESSOR_DEFINITIONS = (
					"$(inherited)",
					"DEBUG=1",
				);
				GCC_WARN_64_TO_32_BIT_CONVERSION = YES;
				GCC_WARN_ABOUT_RETURN_TYPE = YES_ERROR;
				GCC_WARN_UNDECLARED_SELECTOR = YES;
				GCC_WARN_UNINITIALIZED_AUTOS = YES_AGGRESSIVE;
				GCC_WARN_UNUSED_FUNCTION = YES;
				GCC_WARN_UNUSED_VARIABLE = YES;
				IPHONEOS_DEPLOYMENT_TARGET = 17.0;
				MTL_ENABLE_DEBUG_INFO = INCLUDE_SOURCE;
				MTL_FAST_MATH = YES;
				ONLY_ACTIVE_ARCH = YES;
				PRODUCT_NAME = "$(TARGET_NAME)";
				SDKROOT = iphoneos;
				SWIFT_ACTIVE_COMPILATION_CONDITIONS = DEBUG;
				SWIFT_OPTIMIZATION_LEVEL = "-Onone";
				SWIFT_VERSION = 5.0;
			};
			name = Debug;
		};
		913A375BDB599468BF4DAFF9 /* Release */ = {
			isa = XCBuildConfiguration;
			buildSettings = {
				BUNDLE_LOADER = "$(TEST_HOST)";
				CODE_SIGN_STYLE = Automatic;
				DEVELOPMENT_TEAM = XK87E2B3VR;
				GENERATE_INFOPLIST_FILE = YES;
				IPHONEOS_DEPLOYMENT_TARGET = 17.0;
				LD_RUNPATH_SEARCH_PATHS = (
					"$(inherited)",
					"@executable_path/Frameworks",
					"@loader_path/Frameworks",
				);
				PRODUCT_BUNDLE_IDENTIFIER = com.emmrich.DokutresorTests;
				SDKROOT = iphoneos;
				SWIFT_VERSION = 6.0;
				TARGETED_DEVICE_FAMILY = "1,2";
				TEST_HOST = "$(BUILT_PRODUCTS_DIR)/Dokutresor.app/Dokutresor";
			};
			name = Release;
		};
		C131675BF58231ACA4EF1F3B /* Debug */ = {
			isa = XCBuildConfiguration;
			buildSettings = {
				BUNDLE_LOADER = "$(TEST_HOST)";
				CODE_SIGN_STYLE = Automatic;
				DEVELOPMENT_TEAM = XK87E2B3VR;
				GENERATE_INFOPLIST_FILE = YES;
				IPHONEOS_DEPLOYMENT_TARGET = 17.0;
				LD_RUNPATH_SEARCH_PATHS = (
					"$(inherited)",
					"@executable_path/Frameworks",
					"@loader_path/Frameworks",
				);
				PRODUCT_BUNDLE_IDENTIFIER = com.emmrich.DokutresorTests;
				SDKROOT = iphoneos;
				SWIFT_VERSION = 6.0;
				TARGETED_DEVICE_FAMILY = "1,2";
				TEST_HOST = "$(BUILT_PRODUCTS_DIR)/Dokutresor.app/Dokutresor";
			};
			name = Debug;
		};
		E8A0B2FB06B6B3958025AAD1 /* Release */ = {
			isa = XCBuildConfiguration;
			buildSettings = {
				ALWAYS_SEARCH_USER_PATHS = NO;
				CLANG_ANALYZER_NONNULL = YES;
				CLANG_ANALYZER_NUMBER_OBJECT_CONVERSION = YES_AGGRESSIVE;
				CLANG_CXX_LANGUAGE_STANDARD = "gnu++14";
				CLANG_CXX_LIBRARY = "libc++";
				CLANG_ENABLE_MODULES = YES;
				CLANG_ENABLE_OBJC_ARC = YES;
				CLANG_ENABLE_OBJC_WEAK = YES;
				CLANG_WARN_BLOCK_CAPTURE_AUTORELEASING = YES;
				CLANG_WARN_BOOL_CONVERSION = YES;
				CLANG_WARN_COMMA = YES;
				CLANG_WARN_CONSTANT_CONVERSION = YES;
				CLANG_WARN_DEPRECATED_OBJC_IMPLEMENTATIONS = YES;
				CLANG_WARN_DIRECT_OBJC_ISA_USAGE = YES_ERROR;
				CLANG_WARN_DOCUMENTATION_COMMENTS = YES;
				CLANG_WARN_EMPTY_BODY = YES;
				CLANG_WARN_ENUM_CONVERSION = YES;
				CLANG_WARN_INFINITE_RECURSION = YES;
				CLANG_WARN_INT_CONVERSION = YES;
				CLANG_WARN_NON_LITERAL_NULL_CONVERSION = YES;
				CLANG_WARN_OBJC_IMPLICIT_RETAIN_SELF = YES;
				CLANG_WARN_OBJC_LITERAL_CONVERSION = YES;
				CLANG_WARN_OBJC_ROOT_CLASS = YES_ERROR;
				CLANG_WARN_QUOTED_INCLUDE_IN_FRAMEWORK_HEADER = YES;
				CLANG_WARN_RANGE_LOOP_ANALYSIS = YES;
				CLANG_WARN_STRICT_PROTOTYPES = YES;
				CLANG_WARN_SUSPICIOUS_MOVE = YES;
				CLANG_WARN_UNGUARDED_AVAILABILITY = YES_AGGRESSIVE;
				CLANG_WARN_UNREACHABLE_CODE = YES;
				CLANG_WARN__DUPLICATE_METHOD_MATCH = YES;
				COPY_PHASE_STRIP = NO;
				DEBUG_INFORMATION_FORMAT = "dwarf-with-dsym";
				ENABLE_NS_ASSERTIONS = NO;
				ENABLE_STRICT_OBJC_MSGSEND = YES;
				GCC_C_LANGUAGE_STANDARD = gnu11;
				GCC_NO_COMMON_BLOCKS = YES;
				GCC_WARN_64_TO_32_BIT_CONVERSION = YES;
				GCC_WARN_ABOUT_RETURN_TYPE = YES_ERROR;
				GCC_WARN_UNDECLARED_SELECTOR = YES;
				GCC_WARN_UNINITIALIZED_AUTOS = YES_AGGRESSIVE;
				GCC_WARN_UNUSED_FUNCTION = YES;
				GCC_WARN_UNUSED_VARIABLE = YES;
				IPHONEOS_DEPLOYMENT_TARGET = 17.0;
				MTL_ENABLE_DEBUG_INFO = NO;
				MTL_FAST_MATH = YES;
				PRODUCT_NAME = "$(TARGET_NAME)";
				SDKROOT = iphoneos;
				SWIFT_COMPILATION_MODE = wholemodule;
				SWIFT_OPTIMIZATION_LEVEL = "-O";
				SWIFT_VERSION = 5.0;
			};
			name = Release;
		};
/* End XCBuildConfiguration section */

/* Begin XCConfigurationList section */
		2702D53920B6857DBD807B09 /* Build configuration list for PBXProject "Dokutresor" */ = {
			isa = XCConfigurationList;
			buildConfigurations = (
				6A3B0E2DB76EA42E0C7890B8 /* Debug */,
				E8A0B2FB06B6B3958025AAD1 /* Release */,
			);
			defaultConfigurationIsVisible = 0;
			defaultConfigurationName = Debug;
		};
		795E54D0D38A5CFE02C81706 /* Build configuration list for PBXNativeTarget "DokutresorTests" */ = {
			isa = XCConfigurationList;
			buildConfigurations = (
				C131675BF58231ACA4EF1F3B /* Debug */,
				913A375BDB599468BF4DAFF9 /* Release */,
			);
			defaultConfigurationIsVisible = 0;
			defaultConfigurationName = Debug;
		};
		DB4BD2D9D2446EF0FCBCCA1A /* Build configuration list for PBXNativeTarget "Dokutresor" */ = {
			isa = XCConfigurationList;
			buildConfigurations = (
				2D3B7F246B3E5BFC2B16FB17 /* Debug */,
				3A9EF1E73A45B1EC496FCF9A /* Release */,
			);
			defaultConfigurationIsVisible = 0;
			defaultConfigurationName = Debug;
		};
/* End XCConfigurationList section */
	};
	rootObject = 07EE7B64929BDB84225DB548 /* Project object */;
}
